
Microsoft Visual Studio Solution File, Format Version 12.00
# Visual Studio 15
VisualStudioVersion = 15.0.28010.2019
MinimumVisualStudioVersion = 10.0.40219.1
Project("{F184B08F-C81C-45F6-A57F-5ABD9991F28F}") = "lab5", "lab5\lab5.vbproj", "{517FB1D5-0121-40CA-9E6F-EC6F73639EDA}"
EndProject
Global
	GlobalSection(SolutionConfigurationPlatforms) = preSolution
		Debug|Any CPU = Debug|Any CPU
		Release|Any CPU = Release|Any CPU
	EndGlobalSection
	GlobalSection(ProjectConfigurationPlatforms) = postSolution
		{517FB1D5-0121-40CA-9E6F-EC6F73639EDA}.Debug|Any CPU.ActiveCfg = Debug|Any CPU
		{517FB1D5-0121-40CA-9E6F-EC6F73639EDA}.Debug|Any CPU.Build.0 = Debug|Any CPU
		{517FB1D5-0121-40CA-9E6F-EC6F73639EDA}.Release|Any CPU.ActiveCfg = Release|Any CPU
		{517FB1D5-0121-40CA-9E6F-EC6F73639EDA}.Release|Any CPU.Build.0 = Release|Any CPU
	EndGlobalSection
	GlobalSection(SolutionProperties) = preSolution
		HideSolutionNode = FALSE
	EndGlobalSection
	GlobalSection(ExtensibilityGlobals) = postSolution
		SolutionGuid = {F8130511-6036-4CA7-AD1E-0A3A0A61869B}
	EndGlobalSection
EndGlobal
